
Microsoft Visual Studio Solution File, Format Version 12.00
# Visual Studio Version 17
VisualStudioVersion = 17.2.32630.192
MinimumVisualStudioVersion = 10.0.40219.1
Project("{FAE04EC0-301F-11D3-BF4B-00C04F79EFBC}") = "codesnippet", "codesnippet\codesnippet.csproj", "{6FFF67CA-E724-4ECE-BAE6-FE22B5EFEF1E}"
EndProject
Global
	GlobalSection(SolutionConfigurationPlatforms) = preSolution
		Debug|Any CPU = Debug|Any CPU
		Release|Any CPU = Release|Any CPU
	EndGlobalSection
	GlobalSection(ProjectConfigurationPlatforms) = postSolution
		{6FFF67CA-E724-4ECE-BAE6-FE22B5EFEF1E}.Debug|Any CPU.ActiveCfg = Debug|Any CPU
		{6FFF67CA-E724-4ECE-BAE6-FE22B5EFEF1E}.Debug|Any CPU.Build.0 = Debug|Any CPU
		{6FFF67CA-E724-4ECE-BAE6-FE22B5EFEF1E}.Release|Any CPU.ActiveCfg = Release|Any CPU
		{6FFF67CA-E724-4ECE-BAE6-FE22B5EFEF1E}.Release|Any CPU.Build.0 = Release|Any CPU
	EndGlobalSection
	GlobalSection(SolutionProperties) = preSolution
		HideSolutionNode = FALSE
	EndGlobalSection
	GlobalSection(ExtensibilityGlobals) = postSolution
		SolutionGuid = {75A2F869-EDA1-4D45-A9A6-0F5F4651958A}
	EndGlobalSection
EndGlobal
